
Microsoft Visual Studio Solution File, Format Version 12.00
# Visual Studio Version 17
VisualStudioVersion = 17.3.32811.315
MinimumVisualStudioVersion = 10.0.40219.1
Project("{FAE04EC0-301F-11D3-BF4B-00C04F79EFBC}") = "Slider", "Slider.csproj", "{DEEC6625-F1D5-4E71-A447-03896B132CAC}"
EndProject
Global
	GlobalSection(SolutionConfigurationPlatforms) = preSolution
		Debug|Any CPU = Debug|Any CPU
		Release|Any CPU = Release|Any CPU
	EndGlobalSection
	GlobalSection(ProjectConfigurationPlatforms) = postSolution
		{DEEC6625-F1D5-4E71-A447-03896B132CAC}.Debug|Any CPU.ActiveCfg = Debug|Any CPU
		{DEEC6625-F1D5-4E71-A447-03896B132CAC}.Debug|Any CPU.Build.0 = Debug|Any CPU
		{DEEC6625-F1D5-4E71-A447-03896B132CAC}.Release|Any CPU.ActiveCfg = Release|Any CPU
		{DEEC6625-F1D5-4E71-A447-03896B132CAC}.Release|Any CPU.Build.0 = Release|Any CPU
	EndGlobalSection
	GlobalSection(SolutionProperties) = preSolution
		HideSolutionNode = FALSE
	EndGlobalSection
	GlobalSection(ExtensibilityGlobals) = postSolution
		SolutionGuid = {D0D0E900-07CE-45AC-A88E-44F48895E015}
	EndGlobalSection
EndGlobal
